
Microsoft Visual Studio Solution File, Format Version 12.00
# Visual Studio Version 17
VisualStudioVersion = 17.0.31903.59
MinimumVisualStudioVersion = 10.0.40219.1
Project("{2150E333-8FDC-42A3-9474-1A3956D46DE8}") = "src", "src", "{827E0CD3-B72D-47B6-A68D-7590B98EB39B}"
EndProject
Project("{FAE04EC0-301F-11D3-BF4B-00C04F79EFBC}") = "VoxArchive.Domain", "src\VoxArchive.Domain\VoxArchive.Domain.csproj", "{761BF753-B38F-4D76-B94F-2DE08555D444}"
EndProject
Project("{FAE04EC0-301F-11D3-BF4B-00C04F79EFBC}") = "VoxArchive.Application.Abstractions", "src\VoxArchive.Application.Abstractions\VoxArchive.Application.Abstractions.csproj", "{31BCECC8-871F-44E7-9023-8A4466DA06E2}"
EndProject
Project("{FAE04EC0-301F-11D3-BF4B-00C04F79EFBC}") = "VoxArchive.Audio.Abstractions", "src\VoxArchive.Audio.Abstractions\VoxArchive.Audio.Abstractions.csproj", "{DB723EC6-C211-49F2-BF1D-C5905A689FAA}"
EndProject
Project("{FAE04EC0-301F-11D3-BF4B-00C04F79EFBC}") = "VoxArchive.Encoding.Abstractions", "src\VoxArchive.Encoding.Abstractions\VoxArchive.Encoding.Abstractions.csproj", "{F7A0ED4A-2727-4543-811C-2127F6B4C672}"
EndProject
Project("{FAE04EC0-301F-11D3-BF4B-00C04F79EFBC}") = "VoxArchive.Application", "src\VoxArchive.Application\VoxArchive.Application.csproj", "{7411BE4B-76FD-4339-BC85-B64D326DF104}"
EndProject
Global
	GlobalSection(SolutionConfigurationPlatforms) = preSolution
		Debug|Any CPU = Debug|Any CPU
		Debug|x64 = Debug|x64
		Debug|x86 = Debug|x86
		Release|Any CPU = Release|Any CPU
		Release|x64 = Release|x64
		Release|x86 = Release|x86
	EndGlobalSection
	GlobalSection(ProjectConfigurationPlatforms) = postSolution
		{761BF753-B38F-4D76-B94F-2DE08555D444}.Debug|Any CPU.ActiveCfg = Debug|Any CPU
		{761BF753-B38F-4D76-B94F-2DE08555D444}.Debug|Any CPU.Build.0 = Debug|Any CPU
		{761BF753-B38F-4D76-B94F-2DE08555D444}.Debug|x64.ActiveCfg = Debug|Any CPU
		{761BF753-B38F-4D76-B94F-2DE08555D444}.Debug|x64.Build.0 = Debug|Any CPU
		{761BF753-B38F-4D76-B94F-2DE08555D444}.Debug|x86.ActiveCfg = Debug|Any CPU
		{761BF753-B38F-4D76-B94F-2DE08555D444}.Debug|x86.Build.0 = Debug|Any CPU
		{761BF753-B38F-4D76-B94F-2DE08555D444}.Release|Any CPU.ActiveCfg = Release|Any CPU
		{761BF753-B38F-4D76-B94F-2DE08555D444}.Release|Any CPU.Build.0 = Release|Any CPU
		{761BF753-B38F-4D76-B94F-2DE08555D444}.Release|x64.ActiveCfg = Release|Any CPU
		{761BF753-B38F-4D76-B94F-2DE08555D444}.Release|x64.Build.0 = Release|Any CPU
		{761BF753-B38F-4D76-B94F-2DE08555D444}.Release|x86.ActiveCfg = Release|Any CPU
		{761BF753-B38F-4D76-B94F-2DE08555D444}.Release|x86.Build.0 = Release|Any CPU
		{31BCECC8-871F-44E7-9023-8A4466DA06E2}.Debug|Any CPU.ActiveCfg = Debug|Any CPU
		{31BCECC8-871F-44E7-9023-8A4466DA06E2}.Debug|Any CPU.Build.0 = Debug|Any CPU
		{31BCECC8-871F-44E7-9023-8A4466DA06E2}.Debug|x64.ActiveCfg = Debug|Any CPU
		{31BCECC8-871F-44E7-9023-8A4466DA06E2}.Debug|x64.Build.0 = Debug|Any CPU
		{31BCECC8-871F-44E7-9023-8A4466DA06E2}.Debug|x86.ActiveCfg = Debug|Any CPU
		{31BCECC8-871F-44E7-9023-8A4466DA06E2}.Debug|x86.Build.0 = Debug|Any CPU
		{31BCECC8-871F-44E7-9023-8A4466DA06E2}.Release|Any CPU.ActiveCfg = Release|Any CPU
		{31BCECC8-871F-44E7-9023-8A4466DA06E2}.Release|Any CPU.Build.0 = Release|Any CPU
		{31BCECC8-871F-44E7-9023-8A4466DA06E2}.Release|x64.ActiveCfg = Release|Any CPU
		{31BCECC8-871F-44E7-9023-8A4466DA06E2}.Release|x64.Build.0 = Release|Any CPU
		{31BCECC8-871F-44E7-9023-8A4466DA06E2}.Release|x86.ActiveCfg = Release|Any CPU
		{31BCECC8-871F-44E7-9023-8A4466DA06E2}.Release|x86.Build.0 = Release|Any CPU
		{DB723EC6-C211-49F2-BF1D-C5905A689FAA}.Debug|Any CPU.ActiveCfg = Debug|Any CPU
		{DB723EC6-C211-49F2-BF1D-C5905A689FAA}.Debug|Any CPU.Build.0 = Debug|Any CPU
		{DB723EC6-C211-49F2-BF1D-C5905A689FAA}.Debug|x64.ActiveCfg = Debug|Any CPU
		{DB723EC6-C211-49F2-BF1D-C5905A689FAA}.Debug|x64.Build.0 = Debug|Any CPU
		{DB723EC6-C211-49F2-BF1D-C5905A689FAA}.Debug|x86.ActiveCfg = Debug|Any CPU
		{DB723EC6-C211-49F2-BF1D-C5905A689FAA}.Debug|x86.Build.0 = Debug|Any CPU
		{DB723EC6-C211-49F2-BF1D-C5905A689FAA}.Release|Any CPU.ActiveCfg = Release|Any CPU
		{DB723EC6-C211-49F2-BF1D-C5905A689FAA}.Release|Any CPU.Build.0 = Release|Any CPU
		{DB723EC6-C211-49F2-BF1D-C5905A689FAA}.Release|x64.ActiveCfg = Release|Any CPU
		{DB723EC6-C211-49F2-BF1D-C5905A689FAA}.Release|x64.Build.0 = Release|Any CPU
		{DB723EC6-C211-49F2-BF1D-C5905A689FAA}.Release|x86.ActiveCfg = Release|Any CPU
		{DB723EC6-C211-49F2-BF1D-C5905A689FAA}.Release|x86.Build.0 = Release|Any CPU
		{F7A0ED4A-2727-4543-811C-2127F6B4C672}.Debug|Any CPU.ActiveCfg = Debug|Any CPU
		{F7A0ED4A-2727-4543-811C-2127F6B4C672}.Debug|Any CPU.Build.0 = Debug|Any CPU
		{F7A0ED4A-2727-4543-811C-2127F6B4C672}.Debug|x64.ActiveCfg = Debug|Any CPU
		{F7A0ED4A-2727-4543-811C-2127F6B4C672}.Debug|x64.Build.0 = Debug|Any CPU
		{F7A0ED4A-2727-4543-811C-2127F6B4C672}.Debug|x86.ActiveCfg = Debug|Any CPU
		{F7A0ED4A-2727-4543-811C-2127F6B4C672}.Debug|x86.Build.0 = Debug|Any CPU
		{F7A0ED4A-2727-4543-811C-2127F6B4C672}.Release|Any CPU.ActiveCfg = Release|Any CPU
		{F7A0ED4A-2727-4543-811C-2127F6B4C672}.Release|Any CPU.Build.0 = Release|Any CPU
		{F7A0ED4A-2727-4543-811C-2127F6B4C672}.Release|x64.ActiveCfg = Release|Any CPU
		{F7A0ED4A-2727-4543-811C-2127F6B4C672}.Release|x64.Build.0 = Release|Any CPU
		{F7A0ED4A-2727-4543-811C-2127F6B4C672}.Release|x86.ActiveCfg = Release|Any CPU
		{F7A0ED4A-2727-4543-811C-2127F6B4C672}.Release|x86.Build.0 = Release|Any CPU
		{7411BE4B-76FD-4339-BC85-B64D326DF104}.Debug|Any CPU.ActiveCfg = Debug|Any CPU
		{7411BE4B-76FD-4339-BC85-B64D326DF104}.Debug|Any CPU.Build.0 = Debug|Any CPU
		{7411BE4B-76FD-4339-BC85-B64D326DF104}.Debug|x64.ActiveCfg = Debug|Any CPU
		{7411BE4B-76FD-4339-BC85-B64D326DF104}.Debug|x64.Build.0 = Debug|Any CPU
		{7411BE4B-76FD-4339-BC85-B64D326DF104}.Debug|x86.ActiveCfg = Debug|Any CPU
		{7411BE4B-76FD-4339-BC85-B64D326DF104}.Debug|x86.Build.0 = Debug|Any CPU
		{7411BE4B-76FD-4339-BC85-B64D326DF104}.Release|Any CPU.ActiveCfg = Release|Any CPU
		{7411BE4B-76FD-4339-BC85-B64D326DF104}.Release|Any CPU.Build.0 = Release|Any CPU
		{7411BE4B-76FD-4339-BC85-B64D326DF104}.Release|x64.ActiveCfg = Release|Any CPU
		{7411BE4B-76FD-4339-BC85-B64D326DF104}.Release|x64.Build.0 = Release|Any CPU
		{7411BE4B-76FD-4339-BC85-B64D326DF104}.Release|x86.ActiveCfg = Release|Any CPU
		{7411BE4B-76FD-4339-BC85-B64D326DF104}.Release|x86.Build.0 = Release|Any CPU
	EndGlobalSection
	GlobalSection(SolutionProperties) = preSolution
		HideSolutionNode = FALSE
	EndGlobalSection
	GlobalSection(NestedProjects) = preSolution
		{761BF753-B38F-4D76-B94F-2DE08555D444} = {827E0CD3-B72D-47B6-A68D-7590B98EB39B}
		{31BCECC8-871F-44E7-9023-8A4466DA06E2} = {827E0CD3-B72D-47B6-A68D-7590B98EB39B}
		{DB723EC6-C211-49F2-BF1D-C5905A689FAA} = {827E0CD3-B72D-47B6-A68D-7590B98EB39B}
		{F7A0ED4A-2727-4543-811C-2127F6B4C672} = {827E0CD3-B72D-47B6-A68D-7590B98EB39B}
		{7411BE4B-76FD-4339-BC85-B64D326DF104} = {827E0CD3-B72D-47B6-A68D-7590B98EB39B}
	EndGlobalSection
EndGlobal
